{
  "pins" : [
    {
      "identity" : "lucide-icons-swift",
      "kind" : "remoteSourceControl",
      "location" : "https://github.com/JakubMazur/lucide-icons-swift",
      "state" : {
        "revision" : "2b7d27acc14e6bf1c50f7f3923013503374c1e7d",
        "version" : "1.20.0"
      }
    },
    {
      "identity" : "posthog-ios",
      "kind" : "remoteSourceControl",
      "location" : "https://github.com/PostHog/posthog-ios",
      "state" : {
        "revision" : "83b1de43fb5bcaec4e19869602def7246229db1a",
        "version" : "3.60.1"
      }
    },
    {
      "identity" : "sherpa-onnx-spm",
      "kind" : "remoteSourceControl",
      "location" : "https://github.com/willwade/sherpa-onnx-spm.git",
      "state" : {
        "revision" : "61baa44e215f7a62463781938155c178d22418bd",
        "version" : "1.13.15"
      }
    },
    {
      "identity" : "speechmarkdown-rust",
      "kind" : "remoteSourceControl",
      "location" : "https://github.com/AACTools/speechmarkdown-rust",
      "state" : {
        "revision" : "e4c257fab433d7bf4c19978ed1f2e20b858ee872",
        "version" : "0.4.8"
      }
    },
    {
      "identity" : "swift-tts-wrapper",
      "kind" : "remoteSourceControl",
      "location" : "https://github.com/aactools/swift-tts-wrapper",
      "state" : {
        "revision" : "7c6edd785454eda01c2a5d90f3033f589a3411e8",
        "version" : "1.2.5"
      }
    }
  ],
  "version" : 2
}
