{
  "pins" : [
    {
      "identity" : "sherpa-onnx-spm",
      "kind" : "remoteSourceControl",
      "location" : "https://github.com/willwade/sherpa-onnx-spm.git",
      "state" : {
        "revision" : "c6ea2fc7524f41cb52114cf0ea808a6b5c4d4b62",
        "version" : "1.13.15"
      }
    },
    {
      "identity" : "speechmarkdown-rust",
      "kind" : "remoteSourceControl",
      "location" : "https://github.com/AACTools/speechmarkdown-rust",
      "state" : {
        "revision" : "e4c257fab433d7bf4c19978ed1f2e20b858ee872",
        "version" : "0.4.8"
      }
    },
    {
      "identity" : "swift-tts-wrapper",
      "kind" : "remoteSourceControl",
      "location" : "https://github.com/aactools/swift-tts-wrapper",
      "state" : {
        "revision" : "7c6edd785454eda01c2a5d90f3033f589a3411e8",
        "version" : "1.2.5"
      }
    }
  ],
  "version" : 2
}
