{
  "pins" : [
    {
      "identity" : "sherpa-onnx-spm",
      "kind" : "remoteSourceControl",
      "location" : "https://github.com/willwade/sherpa-onnx-spm.git",
      "state" : {
        "revision" : "78c979f0746d6ac449a69b94f9cec98a5e78c2ce",
        "version" : "1.13.14"
      }
    },
    {
      "identity" : "speechmarkdown-rust",
      "kind" : "remoteSourceControl",
      "location" : "https://github.com/AACTools/speechmarkdown-rust",
      "state" : {
        "revision" : "c7efe0277cb8dbfa385cdf4c27307aa70fbdeab8",
        "version" : "0.4.6"
      }
    },
    {
      "identity" : "swift-tts-wrapper",
      "kind" : "remoteSourceControl",
      "location" : "https://github.com/aactools/swift-tts-wrapper",
      "state" : {
        "revision" : "15de7163fe00532f9e1be5795ce740704dd2e1b8",
        "version" : "1.2.4"
      }
    }
  ],
  "version" : 2
}
